
Microsoft Visual Studio Solution File, Format Version 12.00
Project("{FAE04EC0-301F-11D3-BF4B-00C04F79EFBC}") = "UkiChat", "UkiChat\UkiChat.csproj", "{2D2E2432-BC85-4D7D-BAD2-1870F542594A}"
EndProject
Project("{FAE04EC0-301F-11D3-BF4B-00C04F79EFBC}") = "UkiChat.Tests", "UkiChat.Tests\UkiChat.Tests.csproj", "{682552ED-52F5-43DF-AA5F-83720722CCDF}"
EndProject
Global
	GlobalSection(SolutionConfigurationPlatforms) = preSolution
		Debug|Any CPU = Debug|Any CPU
		Release|Any CPU = Release|Any CPU
	EndGlobalSection
	GlobalSection(ProjectConfigurationPlatforms) = postSolution
		{2D2E2432-BC85-4D7D-BAD2-1870F542594A}.Debug|Any CPU.ActiveCfg = Debug|Any CPU
		{2D2E2432-BC85-4D7D-BAD2-1870F542594A}.Debug|Any CPU.Build.0 = Debug|Any CPU
		{2D2E2432-BC85-4D7D-BAD2-1870F542594A}.Release|Any CPU.ActiveCfg = Release|Any CPU
		{2D2E2432-BC85-4D7D-BAD2-1870F542594A}.Release|Any CPU.Build.0 = Release|Any CPU
		{682552ED-52F5-43DF-AA5F-83720722CCDF}.Debug|Any CPU.ActiveCfg = Debug|Any CPU
		{682552ED-52F5-43DF-AA5F-83720722CCDF}.Debug|Any CPU.Build.0 = Debug|Any CPU
		{682552ED-52F5-43DF-AA5F-83720722CCDF}.Release|Any CPU.ActiveCfg = Release|Any CPU
		{682552ED-52F5-43DF-AA5F-83720722CCDF}.Release|Any CPU.Build.0 = Release|Any CPU
	EndGlobalSection
EndGlobal
